
Microsoft Visual Studio Solution File, Format Version 12.00
# Visual Studio Version 17
VisualStudioVersion = 17.0.31903.59
MinimumVisualStudioVersion = 10.0.40219.1
Project("{FAE04EC0-301F-11D3-BF4B-00C04F79EFBC}") = "EmployeeTaskManagement.API", "EmployeeTaskManagement.API\EmployeeTaskManagement.API.csproj", "{122ADE9E-3640-4951-B045-35571909CC89}"
EndProject
Project("{FAE04EC0-301F-11D3-BF4B-00C04F79EFBC}") = "EmployeeTaskManagement.Business", "EmployeeTaskManagement.Business\EmployeeTaskManagement.Business.csproj", "{A7D1EBCA-3E32-47F9-8BF8-CD9A18EDCC9D}"
EndProject
Project("{FAE04EC0-301F-11D3-BF4B-00C04F79EFBC}") = "EmployeeTaskManagement.DataAccess", "EmployeeTaskManagement.DataAccess\EmployeeTaskManagement.DataAccess.csproj", "{F2A37288-2438-4FC0-BB40-4F39F4646080}"
EndProject
Project("{FAE04EC0-301F-11D3-BF4B-00C04F79EFBC}") = "EmployeeTaskManagement.Entities", "EmployeeTaskManagement.Entities\EmployeeTaskManagement.Entities.csproj", "{CBFA1EEA-4FD3-415E-BDF4-C327B6EB02A1}"
EndProject
Project("{FAE04EC0-301F-11D3-BF4B-00C04F79EFBC}") = "EmployeeTaskManagement.Core", "EmployeeTaskManagement.Core\EmployeeTaskManagement.Core.csproj", "{CCEEDCDD-0420-4426-8279-BFAD6BAC0F9B}"
EndProject
Global
	GlobalSection(SolutionConfigurationPlatforms) = preSolution
		Debug|Any CPU = Debug|Any CPU
		Debug|x64 = Debug|x64
		Debug|x86 = Debug|x86
		Release|Any CPU = Release|Any CPU
		Release|x64 = Release|x64
		Release|x86 = Release|x86
	EndGlobalSection
	GlobalSection(ProjectConfigurationPlatforms) = postSolution
		{122ADE9E-3640-4951-B045-35571909CC89}.Debug|Any CPU.ActiveCfg = Debug|Any CPU
		{122ADE9E-3640-4951-B045-35571909CC89}.Debug|Any CPU.Build.0 = Debug|Any CPU
		{122ADE9E-3640-4951-B045-35571909CC89}.Debug|x64.ActiveCfg = Debug|Any CPU
		{122ADE9E-3640-4951-B045-35571909CC89}.Debug|x64.Build.0 = Debug|Any CPU
		{122ADE9E-3640-4951-B045-35571909CC89}.Debug|x86.ActiveCfg = Debug|Any CPU
		{122ADE9E-3640-4951-B045-35571909CC89}.Debug|x86.Build.0 = Debug|Any CPU
		{122ADE9E-3640-4951-B045-35571909CC89}.Release|Any CPU.ActiveCfg = Release|Any CPU
		{122ADE9E-3640-4951-B045-35571909CC89}.Release|Any CPU.Build.0 = Release|Any CPU
		{122ADE9E-3640-4951-B045-35571909CC89}.Release|x64.ActiveCfg = Release|Any CPU
		{122ADE9E-3640-4951-B045-35571909CC89}.Release|x64.Build.0 = Release|Any CPU
		{122ADE9E-3640-4951-B045-35571909CC89}.Release|x86.ActiveCfg = Release|Any CPU
		{122ADE9E-3640-4951-B045-35571909CC89}.Release|x86.Build.0 = Release|Any CPU
		{A7D1EBCA-3E32-47F9-8BF8-CD9A18EDCC9D}.Debug|Any CPU.ActiveCfg = Debug|Any CPU
		{A7D1EBCA-3E32-47F9-8BF8-CD9A18EDCC9D}.Debug|Any CPU.Build.0 = Debug|Any CPU
		{A7D1EBCA-3E32-47F9-8BF8-CD9A18EDCC9D}.Debug|x64.ActiveCfg = Debug|Any CPU
		{A7D1EBCA-3E32-47F9-8BF8-CD9A18EDCC9D}.Debug|x64.Build.0 = Debug|Any CPU
		{A7D1EBCA-3E32-47F9-8BF8-CD9A18EDCC9D}.Debug|x86.ActiveCfg = Debug|Any CPU
		{A7D1EBCA-3E32-47F9-8BF8-CD9A18EDCC9D}.Debug|x86.Build.0 = Debug|Any CPU
		{A7D1EBCA-3E32-47F9-8BF8-CD9A18EDCC9D}.Release|Any CPU.ActiveCfg = Release|Any CPU
		{A7D1EBCA-3E32-47F9-8BF8-CD9A18EDCC9D}.Release|Any CPU.Build.0 = Release|Any CPU
		{A7D1EBCA-3E32-47F9-8BF8-CD9A18EDCC9D}.Release|x64.ActiveCfg = Release|Any CPU
		{A7D1EBCA-3E32-47F9-8BF8-CD9A18EDCC9D}.Release|x64.Build.0 = Release|Any CPU
		{A7D1EBCA-3E32-47F9-8BF8-CD9A18EDCC9D}.Release|x86.ActiveCfg = Release|Any CPU
		{A7D1EBCA-3E32-47F9-8BF8-CD9A18EDCC9D}.Release|x86.Build.0 = Release|Any CPU
		{F2A37288-2438-4FC0-BB40-4F39F4646080}.Debug|Any CPU.ActiveCfg = Debug|Any CPU
		{F2A37288-2438-4FC0-BB40-4F39F4646080}.Debug|Any CPU.Build.0 = Debug|Any CPU
		{F2A37288-2438-4FC0-BB40-4F39F4646080}.Debug|x64.ActiveCfg = Debug|Any CPU
		{F2A37288-2438-4FC0-BB40-4F39F4646080}.Debug|x64.Build.0 = Debug|Any CPU
		{F2A37288-2438-4FC0-BB40-4F39F4646080}.Debug|x86.ActiveCfg = Debug|Any CPU
		{F2A37288-2438-4FC0-BB40-4F39F4646080}.Debug|x86.Build.0 = Debug|Any CPU
		{F2A37288-2438-4FC0-BB40-4F39F4646080}.Release|Any CPU.ActiveCfg = Release|Any CPU
		{F2A37288-2438-4FC0-BB40-4F39F4646080}.Release|Any CPU.Build.0 = Release|Any CPU
		{F2A37288-2438-4FC0-BB40-4F39F4646080}.Release|x64.ActiveCfg = Release|Any CPU
		{F2A37288-2438-4FC0-BB40-4F39F4646080}.Release|x64.Build.0 = Release|Any CPU
		{F2A37288-2438-4FC0-BB40-4F39F4646080}.Release|x86.ActiveCfg = Release|Any CPU
		{F2A37288-2438-4FC0-BB40-4F39F4646080}.Release|x86.Build.0 = Release|Any CPU
		{CBFA1EEA-4FD3-415E-BDF4-C327B6EB02A1}.Debug|Any CPU.ActiveCfg = Debug|Any CPU
		{CBFA1EEA-4FD3-415E-BDF4-C327B6EB02A1}.Debug|Any CPU.Build.0 = Debug|Any CPU
		{CBFA1EEA-4FD3-415E-BDF4-C327B6EB02A1}.Debug|x64.ActiveCfg = Debug|Any CPU
		{CBFA1EEA-4FD3-415E-BDF4-C327B6EB02A1}.Debug|x64.Build.0 = Debug|Any CPU
		{CBFA1EEA-4FD3-415E-BDF4-C327B6EB02A1}.Debug|x86.ActiveCfg = Debug|Any CPU
		{CBFA1EEA-4FD3-415E-BDF4-C327B6EB02A1}.Debug|x86.Build.0 = Debug|Any CPU
		{CBFA1EEA-4FD3-415E-BDF4-C327B6EB02A1}.Release|Any CPU.ActiveCfg = Release|Any CPU
		{CBFA1EEA-4FD3-415E-BDF4-C327B6EB02A1}.Release|Any CPU.Build.0 = Release|Any CPU
		{CBFA1EEA-4FD3-415E-BDF4-C327B6EB02A1}.Release|x64.ActiveCfg = Release|Any CPU
		{CBFA1EEA-4FD3-415E-BDF4-C327B6EB02A1}.Release|x64.Build.0 = Release|Any CPU
		{CBFA1EEA-4FD3-415E-BDF4-C327B6EB02A1}.Release|x86.ActiveCfg = Release|Any CPU
		{CBFA1EEA-4FD3-415E-BDF4-C327B6EB02A1}.Release|x86.Build.0 = Release|Any CPU
		{CCEEDCDD-0420-4426-8279-BFAD6BAC0F9B}.Debug|Any CPU.ActiveCfg = Debug|Any CPU
		{CCEEDCDD-0420-4426-8279-BFAD6BAC0F9B}.Debug|Any CPU.Build.0 = Debug|Any CPU
		{CCEEDCDD-0420-4426-8279-BFAD6BAC0F9B}.Debug|x64.ActiveCfg = Debug|Any CPU
		{CCEEDCDD-0420-4426-8279-BFAD6BAC0F9B}.Debug|x64.Build.0 = Debug|Any CPU
		{CCEEDCDD-0420-4426-8279-BFAD6BAC0F9B}.Debug|x86.ActiveCfg = Debug|Any CPU
		{CCEEDCDD-0420-4426-8279-BFAD6BAC0F9B}.Debug|x86.Build.0 = Debug|Any CPU
		{CCEEDCDD-0420-4426-8279-BFAD6BAC0F9B}.Release|Any CPU.ActiveCfg = Release|Any CPU
		{CCEEDCDD-0420-4426-8279-BFAD6BAC0F9B}.Release|Any CPU.Build.0 = Release|Any CPU
		{CCEEDCDD-0420-4426-8279-BFAD6BAC0F9B}.Release|x64.ActiveCfg = Release|Any CPU
		{CCEEDCDD-0420-4426-8279-BFAD6BAC0F9B}.Release|x64.Build.0 = Release|Any CPU
		{CCEEDCDD-0420-4426-8279-BFAD6BAC0F9B}.Release|x86.ActiveCfg = Release|Any CPU
		{CCEEDCDD-0420-4426-8279-BFAD6BAC0F9B}.Release|x86.Build.0 = Release|Any CPU
	EndGlobalSection
	GlobalSection(SolutionProperties) = preSolution
		HideSolutionNode = FALSE
	EndGlobalSection
EndGlobal
